// !$*UTF8*$!
{
	archiveVersion = 1;
	classes = {
	};
	objectVersion = 51;
	objects = {

/* Begin PBXBuildFile section */
		223D758D9F17173308ED1352 /* Pods_Get_up_from_your_chair.framework in Frameworks */ = {isa = PBXBuildFile; fileRef = DCE1747B193DD87CF56EAB21 /* Pods_Get_up_from_your_chair.framework */; };
		496F849E2686412400105EF1 /* RealmService.swift in Sources */ = {isa = PBXBuildFile; fileRef = 496F849D2686412400105EF1 /* RealmService.swift */; };
		496F84A1268655D800105EF1 /* ActivityViewController+Extension.swift in Sources */ = {isa = PBXBuildFile; fileRef = 496F84A0268655D800105EF1 /* ActivityViewController+Extension.swift */; };
		49726AB7268394CF0025D382 /* AppDelegate.swift in Sources */ = {isa = PBXBuildFile; fileRef = 49726AB6268394CF0025D382 /* AppDelegate.swift */; };
		49726AB9268394CF0025D382 /* SceneDelegate.swift in Sources */ = {isa = PBXBuildFile; fileRef = 49726AB8268394CF0025D382 /* SceneDelegate.swift */; };
		49726ABB268394CF0025D382 /* ActivityViewController.swift in Sources */ = {isa = PBXBuildFile; fileRef = 49726ABA268394CF0025D382 /* ActivityViewController.swift */; };
		49726ABE268394CF0025D382 /* Main.storyboard in Resources */ = {isa = PBXBuildFile; fileRef = 49726ABC268394CF0025D382 /* Main.storyboard */; };
		49726AC0268394D30025D382 /* Assets.xcassets in Resources */ = {isa = PBXBuildFile; fileRef = 49726ABF268394D30025D382 /* Assets.xcassets */; };
		49726AC3268394D30025D382 /* LaunchScreen.storyboard in Resources */ = {isa = PBXBuildFile; fileRef = 49726AC1268394D30025D382 /* LaunchScreen.storyboard */; };
		49726ACE268394D30025D382 /* Get_up_from_your_chairTests.swift in Sources */ = {isa = PBXBuildFile; fileRef = 49726ACD268394D30025D382 /* Get_up_from_your_chairTests.swift */; };
		49726AD9268394D30025D382 /* Get_up_from_your_chairUITests.swift in Sources */ = {isa = PBXBuildFile; fileRef = 49726AD8268394D30025D382 /* Get_up_from_your_chairUITests.swift */; };
		49726AE8268397CE0025D382 /* Activity.swift in Sources */ = {isa = PBXBuildFile; fileRef = 49726AE7268397CE0025D382 /* Activity.swift */; };
		49726AEA268397E30025D382 /* Task.swift in Sources */ = {isa = PBXBuildFile; fileRef = 49726AE9268397E30025D382 /* Task.swift */; };
		78DAC21C11C8104B650BD6F2 /* Pods_Get_up_from_your_chair_Get_up_from_your_chairUITests.framework in Frameworks */ = {isa = PBXBuildFile; fileRef = 8BF998E060B71C4F7F288809 /* Pods_Get_up_from_your_chair_Get_up_from_your_chairUITests.framework */; };
		A53773732685D32C009FD49A /* ActivityCollectionCell.swift in Sources */ = {isa = PBXBuildFile; fileRef = A53773722685D32C009FD49A /* ActivityCollectionCell.swift */; };
		A557B93326847BFE00BD5D45 /* MainTabBarController.swift in Sources */ = {isa = PBXBuildFile; fileRef = A557B93226847BFE00BD5D45 /* MainTabBarController.swift */; };
		A557B93526847CBE00BD5D45 /* StatisticsViewController.swift in Sources */ = {isa = PBXBuildFile; fileRef = A557B93426847CBE00BD5D45 /* StatisticsViewController.swift */; };
		A557B937268488A200BD5D45 /* ActivityTableCell.swift in Sources */ = {isa = PBXBuildFile; fileRef = A557B936268488A200BD5D45 /* ActivityTableCell.swift */; };
		B4BE5DD2DEAE2B82842457AC /* Pods_Get_up_from_your_chairTests.framework in Frameworks */ = {isa = PBXBuildFile; fileRef = FEDD19503A50789A76DFCB87 /* Pods_Get_up_from_your_chairTests.framework */; };
/* End PBXBuildFile section */

/* Begin PBXContainerItemProxy section */
		49726ACA268394D30025D382 /* PBXContainerItemProxy */ = {
			isa = PBXContainerItemProxy;
			containerPortal = 49726AAB268394CF0025D382 /* Project object */;
			proxyType = 1;
			remoteGlobalIDString = 49726AB2268394CF0025D382;
			remoteInfo = "Get-up-from-your-chair";
		};
		49726AD5268394D30025D382 /* PBXContainerItemProxy */ = {
			isa = PBXContainerItemProxy;
			containerPortal = 49726AAB268394CF0025D382 /* Project object */;
			proxyType = 1;
			remoteGlobalIDString = 49726AB2268394CF0025D382;
			remoteInfo = "Get-up-from-your-chair";
		};
/* End PBXContainerItemProxy section */

/* Begin PBXFileReference section */
		241EF6E7020155EF55AFE448 /* Pods-Get-up-from-your-chair-Get-up-from-your-chairUITests.release.xcconfig */ = {isa = PBXFileReference; includeInIndex = 1; lastKnownFileType = text.xcconfig; name = "Pods-Get-up-from-your-chair-Get-up-from-your-chairUITests.release.xcconfig"; path = "Target Support Files/Pods-Get-up-from-your-chair-Get-up-from-your-chairUITests/Pods-Get-up-from-your-chair-Get-up-from-your-chairUITests.release.xcconfig"; sourceTree = "<group>"; };
		3DA1569BA270CA8CABC1ED75 /* Pods-Get-up-from-your-chair.release.xcconfig */ = {isa = PBXFileReference; includeInIndex = 1; lastKnownFileType = text.xcconfig; name = "Pods-Get-up-from-your-chair.release.xcconfig"; path = "Target Support Files/Pods-Get-up-from-your-chair/Pods-Get-up-from-your-chair.release.xcconfig"; sourceTree = "<group>"; };
		496F849D2686412400105EF1 /* RealmService.swift */ = {isa = PBXFileReference; lastKnownFileType = sourcecode.swift; path = RealmService.swift; sourceTree = "<group>"; };
		496F84A0268655D800105EF1 /* ActivityViewController+Extension.swift */ = {isa = PBXFileReference; lastKnownFileType = sourcecode.swift; path = "ActivityViewController+Extension.swift"; sourceTree = "<group>"; };
		49726AB3268394CF0025D382 /* Get-up-from-your-chair.app */ = {isa = PBXFileReference; explicitFileType = wrapper.application; includeInIndex = 0; path = "Get-up-from-your-chair.app"; sourceTree = BUILT_PRODUCTS_DIR; };
		49726AB6268394CF0025D382 /* AppDelegate.swift */ = {isa = PBXFileReference; lastKnownFileType = sourcecode.swift; path = AppDelegate.swift; sourceTree = "<group>"; };
		49726AB8268394CF0025D382 /* SceneDelegate.swift */ = {isa = PBXFileReference; lastKnownFileType = sourcecode.swift; path = SceneDelegate.swift; sourceTree = "<group>"; };
		49726ABA268394CF0025D382 /* ActivityViewController.swift */ = {isa = PBXFileReference; lastKnownFileType = sourcecode.swift; path = ActivityViewController.swift; sourceTree = "<group>"; };
		49726ABD268394CF0025D382 /* Base */ = {isa = PBXFileReference; lastKnownFileType = file.storyboard; name = Base; path = Base.lproj/Main.storyboard; sourceTree = "<group>"; };
		49726ABF268394D30025D382 /* Assets.xcassets */ = {isa = PBXFileReference; lastKnownFileType = folder.assetcatalog; path = Assets.xcassets; sourceTree = "<group>"; };
		49726AC2268394D30025D382 /* Base */ = {isa = PBXFileReference; lastKnownFileType = file.storyboard; name = Base; path = Base.lproj/LaunchScreen.storyboard; sourceTree = "<group>"; };
		49726AC4268394D30025D382 /* Info.plist */ = {isa = PBXFileReference; lastKnownFileType = text.plist.xml; path = Info.plist; sourceTree = "<group>"; };
		49726AC9268394D30025D382 /* Get-up-from-your-chairTests.xctest */ = {isa = PBXFileReference; explicitFileType = wrapper.cfbundle; includeInIndex = 0; path = "Get-up-from-your-chairTests.xctest"; sourceTree = BUILT_PRODUCTS_DIR; };
		49726ACD268394D30025D382 /* Get_up_from_your_chairTests.swift */ = {isa = PBXFileReference; lastKnownFileType = sourcecode.swift; path = Get_up_from_your_chairTests.swift; sourceTree = "<group>"; };
		49726ACF268394D30025D382 /* Info.plist */ = {isa = PBXFileReference; lastKnownFileType = text.plist.xml; path = Info.plist; sourceTree = "<group>"; };
		49726AD4268394D30025D382 /* Get-up-from-your-chairUITests.xctest */ = {isa = PBXFileReference; explicitFileType = wrapper.cfbundle; includeInIndex = 0; path = "Get-up-from-your-chairUITests.xctest"; sourceTree = BUILT_PRODUCTS_DIR; };
		49726AD8268394D30025D382 /* Get_up_from_your_chairUITests.swift */ = {isa = PBXFileReference; lastKnownFileType = sourcecode.swift; path = Get_up_from_your_chairUITests.swift; sourceTree = "<group>"; };
		49726ADA268394D30025D382 /* Info.plist */ = {isa = PBXFileReference; lastKnownFileType = text.plist.xml; path = Info.plist; sourceTree = "<group>"; };
		49726AE7268397CE0025D382 /* Activity.swift */ = {isa = PBXFileReference; lastKnownFileType = sourcecode.swift; path = Activity.swift; sourceTree = "<group>"; };
		49726AE9268397E30025D382 /* Task.swift */ = {isa = PBXFileReference; lastKnownFileType = sourcecode.swift; path = Task.swift; sourceTree = "<group>"; };
		8B937E02446DD8D49A19ED89 /* Pods-Get-up-from-your-chair-Get-up-from-your-chairUITests.debug.xcconfig */ = {isa = PBXFileReference; includeInIndex = 1; lastKnownFileType = text.xcconfig; name = "Pods-Get-up-from-your-chair-Get-up-from-your-chairUITests.debug.xcconfig"; path = "Target Support Files/Pods-Get-up-from-your-chair-Get-up-from-your-chairUITests/Pods-Get-up-from-your-chair-Get-up-from-your-chairUITests.debug.xcconfig"; sourceTree = "<group>"; };
		8BF998E060B71C4F7F288809 /* Pods_Get_up_from_your_chair_Get_up_from_your_chairUITests.framework */ = {isa = PBXFileReference; explicitFileType = wrapper.framework; includeInIndex = 0; path = Pods_Get_up_from_your_chair_Get_up_from_your_chairUITests.framework; sourceTree = BUILT_PRODUCTS_DIR; };
		99D3D70806FFB0E3D648020D /* Pods-Get-up-from-your-chairTests.release.xcconfig */ = {isa = PBXFileReference; includeInIndex = 1; lastKnownFileType = text.xcconfig; name = "Pods-Get-up-from-your-chairTests.release.xcconfig"; path = "Target Support Files/Pods-Get-up-from-your-chairTests/Pods-Get-up-from-your-chairTests.release.xcconfig"; sourceTree = "<group>"; };
		A53773722685D32C009FD49A /* ActivityCollectionCell.swift */ = {isa = PBXFileReference; lastKnownFileType = sourcecode.swift; path = ActivityCollectionCell.swift; sourceTree = "<group>"; };
		A557B93226847BFE00BD5D45 /* MainTabBarController.swift */ = {isa = PBXFileReference; lastKnownFileType = sourcecode.swift; path = MainTabBarController.swift; sourceTree = "<group>"; };
		A557B93426847CBE00BD5D45 /* StatisticsViewController.swift */ = {isa = PBXFileReference; lastKnownFileType = sourcecode.swift; path = StatisticsViewController.swift; sourceTree = "<group>"; };
		A557B936268488A200BD5D45 /* ActivityTableCell.swift */ = {isa = PBXFileReference; lastKnownFileType = sourcecode.swift; path = ActivityTableCell.swift; sourceTree = "<group>"; };
		C29D476F7EA12A3D69624A60 /* Pods-Get-up-from-your-chair.debug.xcconfig */ = {isa = PBXFileReference; includeInIndex = 1; lastKnownFileType = text.xcconfig; name = "Pods-Get-up-from-your-chair.debug.xcconfig"; path = "Target Support Files/Pods-Get-up-from-your-chair/Pods-Get-up-from-your-chair.debug.xcconfig"; sourceTree = "<group>"; };
		CAEE05146EEA76A871640BE0 /* Pods-Get-up-from-your-chairTests.debug.xcconfig */ = {isa = PBXFileReference; includeInIndex = 1; lastKnownFileType = text.xcconfig; name = "Pods-Get-up-from-your-chairTests.debug.xcconfig"; path = "Target Support Files/Pods-Get-up-from-your-chairTests/Pods-Get-up-from-your-chairTests.debug.xcconfig"; sourceTree = "<group>"; };
		DCE1747B193DD87CF56EAB21 /* Pods_Get_up_from_your_chair.framework */ = {isa = PBXFileReference; explicitFileType = wrapper.framework; includeInIndex = 0; path = Pods_Get_up_from_your_chair.framework; sourceTree = BUILT_PRODUCTS_DIR; };
		FEDD19503A50789A76DFCB87 /* Pods_Get_up_from_your_chairTests.framework */ = {isa = PBXFileReference; explicitFileType = wrapper.framework; includeInIndex = 0; path = Pods_Get_up_from_your_chairTests.framework; sourceTree = BUILT_PRODUCTS_DIR; };
/* End PBXFileReference section */

/* Begin PBXFrameworksBuildPhase section */
		49726AB0268394CF0025D382 /* Frameworks */ = {
			isa = PBXFrameworksBuildPhase;
			buildActionMask = 2147483647;
			files = (
				223D758D9F17173308ED1352 /* Pods_Get_up_from_your_chair.framework in Frameworks */,
			);
			runOnlyForDeploymentPostprocessing = 0;
		};
		49726AC6268394D30025D382 /* Frameworks */ = {
			isa = PBXFrameworksBuildPhase;
			buildActionMask = 2147483647;
			files = (
				B4BE5DD2DEAE2B82842457AC /* Pods_Get_up_from_your_chairTests.framework in Frameworks */,
			);
			runOnlyForDeploymentPostprocessing = 0;
		};
		49726AD1268394D30025D382 /* Frameworks */ = {
			isa = PBXFrameworksBuildPhase;
			buildActionMask = 2147483647;
			files = (
				78DAC21C11C8104B650BD6F2 /* Pods_Get_up_from_your_chair_Get_up_from_your_chairUITests.framework in Frameworks */,
			);
			runOnlyForDeploymentPostprocessing = 0;
		};
/* End PBXFrameworksBuildPhase section */

/* Begin PBXGroup section */
		001A6C1BFFF0638AD702F49E /* Pods */ = {
			isa = PBXGroup;
			children = (
				C29D476F7EA12A3D69624A60 /* Pods-Get-up-from-your-chair.debug.xcconfig */,
				3DA1569BA270CA8CABC1ED75 /* Pods-Get-up-from-your-chair.release.xcconfig */,
				8B937E02446DD8D49A19ED89 /* Pods-Get-up-from-your-chair-Get-up-from-your-chairUITests.debug.xcconfig */,
				241EF6E7020155EF55AFE448 /* Pods-Get-up-from-your-chair-Get-up-from-your-chairUITests.release.xcconfig */,
				CAEE05146EEA76A871640BE0 /* Pods-Get-up-from-your-chairTests.debug.xcconfig */,
				99D3D70806FFB0E3D648020D /* Pods-Get-up-from-your-chairTests.release.xcconfig */,
			);
			path = Pods;
			sourceTree = "<group>";
		};
		496F849F26864DF400105EF1 /* Services */ = {
			isa = PBXGroup;
			children = (
				496F849D2686412400105EF1 /* RealmService.swift */,
			);
			path = Services;
			sourceTree = "<group>";
		};
		49726AAA268394CF0025D382 = {
			isa = PBXGroup;
			children = (
				49726AB5268394CF0025D382 /* Get-up-from-your-chair */,
				49726ACC268394D30025D382 /* Get-up-from-your-chairTests */,
				49726AD7268394D30025D382 /* Get-up-from-your-chairUITests */,
				49726AB4268394CF0025D382 /* Products */,
				001A6C1BFFF0638AD702F49E /* Pods */,
				6D0AAE40D5AE39C65B00EBBA /* Frameworks */,
			);
			sourceTree = "<group>";
		};
		49726AB4268394CF0025D382 /* Products */ = {
			isa = PBXGroup;
			children = (
				49726AB3268394CF0025D382 /* Get-up-from-your-chair.app */,
				49726AC9268394D30025D382 /* Get-up-from-your-chairTests.xctest */,
				49726AD4268394D30025D382 /* Get-up-from-your-chairUITests.xctest */,
			);
			name = Products;
			sourceTree = "<group>";
		};
		49726AB5268394CF0025D382 /* Get-up-from-your-chair */ = {
			isa = PBXGroup;
			children = (
				496F849F26864DF400105EF1 /* Services */,
				49726AB6268394CF0025D382 /* AppDelegate.swift */,
				49726AB8268394CF0025D382 /* SceneDelegate.swift */,
				49726AEB2683986D0025D382 /* Controllers */,
				49726AE6268397AB0025D382 /* Models */,
				49726AEC2683987F0025D382 /* Resources */,
				49726AED268398850025D382 /* Views */,
			);
			path = "Get-up-from-your-chair";
			sourceTree = "<group>";
		};
		49726ACC268394D30025D382 /* Get-up-from-your-chairTests */ = {
			isa = PBXGroup;
			children = (
				49726ACD268394D30025D382 /* Get_up_from_your_chairTests.swift */,
				49726ACF268394D30025D382 /* Info.plist */,
			);
			path = "Get-up-from-your-chairTests";
			sourceTree = "<group>";
		};
		49726AD7268394D30025D382 /* Get-up-from-your-chairUITests */ = {
			isa = PBXGroup;
			children = (
				49726AD8268394D30025D382 /* Get_up_from_your_chairUITests.swift */,
				49726ADA268394D30025D382 /* Info.plist */,
			);
			path = "Get-up-from-your-chairUITests";
			sourceTree = "<group>";
		};
		49726AE6268397AB0025D382 /* Models */ = {
			isa = PBXGroup;
			children = (
				49726AE7268397CE0025D382 /* Activity.swift */,
				49726AE9268397E30025D382 /* Task.swift */,
			);
			path = Models;
			sourceTree = "<group>";
		};
		49726AEB2683986D0025D382 /* Controllers */ = {
			isa = PBXGroup;
			children = (
				A53773742685D9A9009FD49A /* Tab Bar */,
				A53773762685D9C4009FD49A /* Main Screen */,
				A53773752685D9B3009FD49A /* Statistic screen */,
			);
			path = Controllers;
			sourceTree = "<group>";
		};
		49726AEC2683987F0025D382 /* Resources */ = {
			isa = PBXGroup;
			children = (
				49726ABF268394D30025D382 /* Assets.xcassets */,
				49726AC4268394D30025D382 /* Info.plist */,
			);
			path = Resources;
			sourceTree = "<group>";
		};
		49726AED268398850025D382 /* Views */ = {
			isa = PBXGroup;
			children = (
				49726ABC268394CF0025D382 /* Main.storyboard */,
				49726AC1268394D30025D382 /* LaunchScreen.storyboard */,
			);
			path = Views;
			sourceTree = "<group>";
		};
		6D0AAE40D5AE39C65B00EBBA /* Frameworks */ = {
			isa = PBXGroup;
			children = (
				DCE1747B193DD87CF56EAB21 /* Pods_Get_up_from_your_chair.framework */,
				8BF998E060B71C4F7F288809 /* Pods_Get_up_from_your_chair_Get_up_from_your_chairUITests.framework */,
				FEDD19503A50789A76DFCB87 /* Pods_Get_up_from_your_chairTests.framework */,
			);
			name = Frameworks;
			sourceTree = "<group>";
		};
		A53773742685D9A9009FD49A /* Tab Bar */ = {
			isa = PBXGroup;
			children = (
				A557B93226847BFE00BD5D45 /* MainTabBarController.swift */,
			);
			path = "Tab Bar";
			sourceTree = "<group>";
		};
		A53773752685D9B3009FD49A /* Statistic screen */ = {
			isa = PBXGroup;
			children = (
				A557B93426847CBE00BD5D45 /* StatisticsViewController.swift */,
			);
			path = "Statistic screen";
			sourceTree = "<group>";
		};
		A53773762685D9C4009FD49A /* Main Screen */ = {
			isa = PBXGroup;
			children = (
				49726ABA268394CF0025D382 /* ActivityViewController.swift */,
				A557B936268488A200BD5D45 /* ActivityTableCell.swift */,
				A53773722685D32C009FD49A /* ActivityCollectionCell.swift */,
				496F84A0268655D800105EF1 /* ActivityViewController+Extension.swift */,
			);
			path = "Main Screen";
			sourceTree = "<group>";
		};
/* End PBXGroup section */

/* Begin PBXNativeTarget section */
		49726AB2268394CF0025D382 /* Get-up-from-your-chair */ = {
			isa = PBXNativeTarget;
			buildConfigurationList = 49726ADD268394D30025D382 /* Build configuration list for PBXNativeTarget "Get-up-from-your-chair" */;
			buildPhases = (
				1526446070F9BD03B29F2145 /* [CP] Check Pods Manifest.lock */,
				49726AAF268394CF0025D382 /* Sources */,
				49726AB0268394CF0025D382 /* Frameworks */,
				49726AB1268394CF0025D382 /* Resources */,
				AA66B32A49088C99FF35DC22 /* [CP] Embed Pods Frameworks */,
			);
			buildRules = (
			);
			dependencies = (
			);
			name = "Get-up-from-your-chair";
			productName = "Get-up-from-your-chair";
			productReference = 49726AB3268394CF0025D382 /* Get-up-from-your-chair.app */;
			productType = "com.apple.product-type.application";
		};
		49726AC8268394D30025D382 /* Get-up-from-your-chairTests */ = {
			isa = PBXNativeTarget;
			buildConfigurationList = 49726AE0268394D30025D382 /* Build configuration list for PBXNativeTarget "Get-up-from-your-chairTests" */;
			buildPhases = (
				6498C62103DCACB14175A293 /* [CP] Check Pods Manifest.lock */,
				49726AC5268394D30025D382 /* Sources */,
				49726AC6268394D30025D382 /* Frameworks */,
				49726AC7268394D30025D382 /* Resources */,
			);
			buildRules = (
			);
			dependencies = (
				49726ACB268394D30025D382 /* PBXTargetDependency */,
			);
			name = "Get-up-from-your-chairTests";
			productName = "Get-up-from-your-chairTests";
			productReference = 49726AC9268394D30025D382 /* Get-up-from-your-chairTests.xctest */;
			productType = "com.apple.product-type.bundle.unit-test";
		};
		49726AD3268394D30025D382 /* Get-up-from-your-chairUITests */ = {
			isa = PBXNativeTarget;
			buildConfigurationList = 49726AE3268394D30025D382 /* Build configuration list for PBXNativeTarget "Get-up-from-your-chairUITests" */;
			buildPhases = (
				605B08CF5AFC98009CBD7FF8 /* [CP] Check Pods Manifest.lock */,
				49726AD0268394D30025D382 /* Sources */,
				49726AD1268394D30025D382 /* Frameworks */,
				49726AD2268394D30025D382 /* Resources */,
				748347846C5CF5FC452FA0CB /* [CP] Embed Pods Frameworks */,
			);
			buildRules = (
			);
			dependencies = (
				49726AD6268394D30025D382 /* PBXTargetDependency */,
			);
			name = "Get-up-from-your-chairUITests";
			productName = "Get-up-from-your-chairUITests";
			productReference = 49726AD4268394D30025D382 /* Get-up-from-your-chairUITests.xctest */;
			productType = "com.apple.product-type.bundle.ui-testing";
		};
/* End PBXNativeTarget section */

/* Begin PBXProject section */
		49726AAB268394CF0025D382 /* Project object */ = {
			isa = PBXProject;
			attributes = {
				LastSwiftUpdateCheck = 1250;
				LastUpgradeCheck = 1250;
				TargetAttributes = {
					49726AB2268394CF0025D382 = {
						CreatedOnToolsVersion = 12.5;
					};
					49726AC8268394D30025D382 = {
						CreatedOnToolsVersion = 12.5;
						TestTargetID = 49726AB2268394CF0025D382;
					};
					49726AD3268394D30025D382 = {
						CreatedOnToolsVersion = 12.5;
						TestTargetID = 49726AB2268394CF0025D382;
					};
				};
			};
			buildConfigurationList = 49726AAE268394CF0025D382 /* Build configuration list for PBXProject "Get-up-from-your-chair" */;
			compatibilityVersion = "Xcode 9.3";
			developmentRegion = en;
			hasScannedForEncodings = 0;
			knownRegions = (
				en,
				Base,
			);
			mainGroup = 49726AAA268394CF0025D382;
			productRefGroup = 49726AB4268394CF0025D382 /* Products */;
			projectDirPath = "";
			projectRoot = "";
			targets = (
				49726AB2268394CF0025D382 /* Get-up-from-your-chair */,
				49726AC8268394D30025D382 /* Get-up-from-your-chairTests */,
				49726AD3268394D30025D382 /* Get-up-from-your-chairUITests */,
			);
		};
/* End PBXProject section */

/* Begin PBXResourcesBuildPhase section */
		49726AB1268394CF0025D382 /* Resources */ = {
			isa = PBXResourcesBuildPhase;
			buildActionMask = 2147483647;
			files = (
				49726AC3268394D30025D382 /* LaunchScreen.storyboard in Resources */,
				49726AC0268394D30025D382 /* Assets.xcassets in Resources */,
				49726ABE268394CF0025D382 /* Main.storyboard in Resources */,
			);
			runOnlyForDeploymentPostprocessing = 0;
		};
		49726AC7268394D30025D382 /* Resources */ = {
			isa = PBXResourcesBuildPhase;
			buildActionMask = 2147483647;
			files = (
			);
			runOnlyForDeploymentPostprocessing = 0;
		};
		49726AD2268394D30025D382 /* Resources */ = {
			isa = PBXResourcesBuildPhase;
			buildActionMask = 2147483647;
			files = (
			);
			runOnlyForDeploymentPostprocessing = 0;
		};
/* End PBXResourcesBuildPhase section */

/* Begin PBXShellScriptBuildPhase section */
		1526446070F9BD03B29F2145 /* [CP] Check Pods Manifest.lock */ = {
			isa = PBXShellScriptBuildPhase;
			buildActionMask = 2147483647;
			files = (
			);
			inputFileListPaths = (
			);
			inputPaths = (
				"${PODS_PODFILE_DIR_PATH}/Podfile.lock",
				"${PODS_ROOT}/Manifest.lock",
			);
			name = "[CP] Check Pods Manifest.lock";
			outputFileListPaths = (
			);
			outputPaths = (
				"$(DERIVED_FILE_DIR)/Pods-Get-up-from-your-chair-checkManifestLockResult.txt",
			);
			runOnlyForDeploymentPostprocessing = 0;
			shellPath = /bin/sh;
			shellScript = "diff \"${PODS_PODFILE_DIR_PATH}/Podfile.lock\" \"${PODS_ROOT}/Manifest.lock\" > /dev/null\nif [ $? != 0 ] ; then\n    # print error to STDERR\n    echo \"error: The sandbox is not in sync with the Podfile.lock. Run 'pod install' or update your CocoaPods installation.\" >&2\n    exit 1\nfi\n# This output is used by Xcode 'outputs' to avoid re-running this script phase.\necho \"SUCCESS\" > \"${SCRIPT_OUTPUT_FILE_0}\"\n";
			showEnvVarsInLog = 0;
		};
		605B08CF5AFC98009CBD7FF8 /* [CP] Check Pods Manifest.lock */ = {
			isa = PBXShellScriptBuildPhase;
			buildActionMask = 2147483647;
			files = (
			);
			inputFileListPaths = (
			);
			inputPaths = (
				"${PODS_PODFILE_DIR_PATH}/Podfile.lock",
				"${PODS_ROOT}/Manifest.lock",
			);
			name = "[CP] Check Pods Manifest.lock";
			outputFileListPaths = (
			);
			outputPaths = (
				"$(DERIVED_FILE_DIR)/Pods-Get-up-from-your-chair-Get-up-from-your-chairUITests-checkManifestLockResult.txt",
			);
			runOnlyForDeploymentPostprocessing = 0;
			shellPath = /bin/sh;
			shellScript = "diff \"${PODS_PODFILE_DIR_PATH}/Podfile.lock\" \"${PODS_ROOT}/Manifest.lock\" > /dev/null\nif [ $? != 0 ] ; then\n    # print error to STDERR\n    echo \"error: The sandbox is not in sync with the Podfile.lock. Run 'pod install' or update your CocoaPods installation.\" >&2\n    exit 1\nfi\n# This output is used by Xcode 'outputs' to avoid re-running this script phase.\necho \"SUCCESS\" > \"${SCRIPT_OUTPUT_FILE_0}\"\n";
			showEnvVarsInLog = 0;
		};
		6498C62103DCACB14175A293 /* [CP] Check Pods Manifest.lock */ = {
			isa = PBXShellScriptBuildPhase;
			buildActionMask = 2147483647;
			files = (
			);
			inputFileListPaths = (
			);
			inputPaths = (
				"${PODS_PODFILE_DIR_PATH}/Podfile.lock",
				"${PODS_ROOT}/Manifest.lock",
			);
			name = "[CP] Check Pods Manifest.lock";
			outputFileListPaths = (
			);
			outputPaths = (
				"$(DERIVED_FILE_DIR)/Pods-Get-up-from-your-chairTests-checkManifestLockResult.txt",
			);
			runOnlyForDeploymentPostprocessing = 0;
			shellPath = /bin/sh;
			shellScript = "diff \"${PODS_PODFILE_DIR_PATH}/Podfile.lock\" \"${PODS_ROOT}/Manifest.lock\" > /dev/null\nif [ $? != 0 ] ; then\n    # print error to STDERR\n    echo \"error: The sandbox is not in sync with the Podfile.lock. Run 'pod install' or update your CocoaPods installation.\" >&2\n    exit 1\nfi\n# This output is used by Xcode 'outputs' to avoid re-running this script phase.\necho \"SUCCESS\" > \"${SCRIPT_OUTPUT_FILE_0}\"\n";
			showEnvVarsInLog = 0;
		};
		748347846C5CF5FC452FA0CB /* [CP] Embed Pods Frameworks */ = {
			isa = PBXShellScriptBuildPhase;
			buildActionMask = 2147483647;
			files = (
			);
			inputFileListPaths = (
				"${PODS_ROOT}/Target Support Files/Pods-Get-up-from-your-chair-Get-up-from-your-chairUITests/Pods-Get-up-from-your-chair-Get-up-from-your-chairUITests-frameworks-${CONFIGURATION}-input-files.xcfilelist",
			);
			name = "[CP] Embed Pods Frameworks";
			outputFileListPaths = (
				"${PODS_ROOT}/Target Support Files/Pods-Get-up-from-your-chair-Get-up-from-your-chairUITests/Pods-Get-up-from-your-chair-Get-up-from-your-chairUITests-frameworks-${CONFIGURATION}-output-files.xcfilelist",
			);
			runOnlyForDeploymentPostprocessing = 0;
			shellPath = /bin/sh;
			shellScript = "\"${PODS_ROOT}/Target Support Files/Pods-Get-up-from-your-chair-Get-up-from-your-chairUITests/Pods-Get-up-from-your-chair-Get-up-from-your-chairUITests-frameworks.sh\"\n";
			showEnvVarsInLog = 0;
		};
		AA66B32A49088C99FF35DC22 /* [CP] Embed Pods Frameworks */ = {
			isa = PBXShellScriptBuildPhase;
			buildActionMask = 2147483647;
			files = (
			);
			inputFileListPaths = (
				"${PODS_ROOT}/Target Support Files/Pods-Get-up-from-your-chair/Pods-Get-up-from-your-chair-frameworks-${CONFIGURATION}-input-files.xcfilelist",
			);
			name = "[CP] Embed Pods Frameworks";
			outputFileListPaths = (
				"${PODS_ROOT}/Target Support Files/Pods-Get-up-from-your-chair/Pods-Get-up-from-your-chair-frameworks-${CONFIGURATION}-output-files.xcfilelist",
			);
			runOnlyForDeploymentPostprocessing = 0;
			shellPath = /bin/sh;
			shellScript = "\"${PODS_ROOT}/Target Support Files/Pods-Get-up-from-your-chair/Pods-Get-up-from-your-chair-frameworks.sh\"\n";
			showEnvVarsInLog = 0;
		};
/* End PBXShellScriptBuildPhase section */

/* Begin PBXSourcesBuildPhase section */
		49726AAF268394CF0025D382 /* Sources */ = {
			isa = PBXSourcesBuildPhase;
			buildActionMask = 2147483647;
			files = (
				49726ABB268394CF0025D382 /* ActivityViewController.swift in Sources */,
				496F84A1268655D800105EF1 /* ActivityViewController+Extension.swift in Sources */,
				49726AB7268394CF0025D382 /* AppDelegate.swift in Sources */,
				A557B93326847BFE00BD5D45 /* MainTabBarController.swift in Sources */,
				49726AEA268397E30025D382 /* Task.swift in Sources */,
				49726AE8268397CE0025D382 /* Activity.swift in Sources */,
				496F849E2686412400105EF1 /* RealmService.swift in Sources */,
				49726AB9268394CF0025D382 /* SceneDelegate.swift in Sources */,
				A53773732685D32C009FD49A /* ActivityCollectionCell.swift in Sources */,
				A557B93526847CBE00BD5D45 /* StatisticsViewController.swift in Sources */,
				A557B937268488A200BD5D45 /* ActivityTableCell.swift in Sources */,
			);
			runOnlyForDeploymentPostprocessing = 0;
		};
		49726AC5268394D30025D382 /* Sources */ = {
			isa = PBXSourcesBuildPhase;
			buildActionMask = 2147483647;
			files = (
				49726ACE268394D30025D382 /* Get_up_from_your_chairTests.swift in Sources */,
			);
			runOnlyForDeploymentPostprocessing = 0;
		};
		49726AD0268394D30025D382 /* Sources */ = {
			isa = PBXSourcesBuildPhase;
			buildActionMask = 2147483647;
			files = (
				49726AD9268394D30025D382 /* Get_up_from_your_chairUITests.swift in Sources */,
			);
			runOnlyForDeploymentPostprocessing = 0;
		};
/* End PBXSourcesBuildPhase section */

/* Begin PBXTargetDependency section */
		49726ACB268394D30025D382 /* PBXTargetDependency */ = {
			isa = PBXTargetDependency;
			target = 49726AB2268394CF0025D382 /* Get-up-from-your-chair */;
			targetProxy = 49726ACA268394D30025D382 /* PBXContainerItemProxy */;
		};
		49726AD6268394D30025D382 /* PBXTargetDependency */ = {
			isa = PBXTargetDependency;
			target = 49726AB2268394CF0025D382 /* Get-up-from-your-chair */;
			targetProxy = 49726AD5268394D30025D382 /* PBXContainerItemProxy */;
		};
/* End PBXTargetDependency section */

/* Begin PBXVariantGroup section */
		49726ABC268394CF0025D382 /* Main.storyboard */ = {
			isa = PBXVariantGroup;
			children = (
				49726ABD268394CF0025D382 /* Base */,
			);
			name = Main.storyboard;
			sourceTree = "<group>";
		};
		49726AC1268394D30025D382 /* LaunchScreen.storyboard */ = {
			isa = PBXVariantGroup;
			children = (
				49726AC2268394D30025D382 /* Base */,
			);
			name = LaunchScreen.storyboard;
			sourceTree = "<group>";
		};
/* End PBXVariantGroup section */

/* Begin XCBuildConfiguration section */
		49726ADB268394D30025D382 /* Debug */ = {
			isa = XCBuildConfiguration;
			buildSettings = {
				ALWAYS_SEARCH_USER_PATHS = NO;
				CLANG_ANALYZER_NONNULL = YES;
				CLANG_ANALYZER_NUMBER_OBJECT_CONVERSION = YES_AGGRESSIVE;
				CLANG_CXX_LANGUAGE_STANDARD = "gnu++14";
				CLANG_CXX_LIBRARY = "libc++";
				CLANG_ENABLE_MODULES = YES;
				CLANG_ENABLE_OBJC_ARC = YES;
				CLANG_ENABLE_OBJC_WEAK = YES;
				CLANG_WARN_BLOCK_CAPTURE_AUTORELEASING = YES;
				CLANG_WARN_BOOL_CONVERSION = YES;
				CLANG_WARN_COMMA = YES;
				CLANG_WARN_CONSTANT_CONVERSION = YES;
				CLANG_WARN_DEPRECATED_OBJC_IMPLEMENTATIONS = YES;
				CLANG_WARN_DIRECT_OBJC_ISA_USAGE = YES_ERROR;
				CLANG_WARN_DOCUMENTATION_COMMENTS = YES;
				CLANG_WARN_EMPTY_BODY = YES;
				CLANG_WARN_ENUM_CONVERSION = YES;
				CLANG_WARN_INFINITE_RECURSION = YES;
				CLANG_WARN_INT_CONVERSION = YES;
				CLANG_WARN_NON_LITERAL_NULL_CONVERSION = YES;
				CLANG_WARN_OBJC_IMPLICIT_RETAIN_SELF = YES;
				CLANG_WARN_OBJC_LITERAL_CONVERSION = YES;
				CLANG_WARN_OBJC_ROOT_CLASS = YES_ERROR;
				CLANG_WARN_QUOTED_INCLUDE_IN_FRAMEWORK_HEADER = YES;
				CLANG_WARN_RANGE_LOOP_ANALYSIS = YES;
				CLANG_WARN_STRICT_PROTOTYPES = YES;
				CLANG_WARN_SUSPICIOUS_MOVE = YES;
				CLANG_WARN_UNGUARDED_AVAILABILITY = YES_AGGRESSIVE;
				CLANG_WARN_UNREACHABLE_CODE = YES;
				CLANG_WARN__DUPLICATE_METHOD_MATCH = YES;
				COPY_PHASE_STRIP = NO;
				DEBUG_INFORMATION_FORMAT = dwarf;
				ENABLE_STRICT_OBJC_MSGSEND = YES;
				ENABLE_TESTABILITY = YES;
				GCC_C_LANGUAGE_STANDARD = gnu11;
				GCC_DYNAMIC_NO_PIC = NO;
				GCC_NO_COMMON_BLOCKS = YES;
				GCC_OPTIMIZATION_LEVEL = 0;
				GCC_PREPROCESSOR_DEFINITIONS = (
					"DEBUG=1",
					"$(inherited)",
				);
				GCC_WARN_64_TO_32_BIT_CONVERSION = YES;
				GCC_WARN_ABOUT_RETURN_TYPE = YES_ERROR;
				GCC_WARN_UNDECLARED_SELECTOR = YES;
				GCC_WARN_UNINITIALIZED_AUTOS = YES_AGGRESSIVE;
				GCC_WARN_UNUSED_FUNCTION = YES;
				GCC_WARN_UNUSED_VARIABLE = YES;
				IPHONEOS_DEPLOYMENT_TARGET = 14.5;
				MTL_ENABLE_DEBUG_INFO = INCLUDE_SOURCE;
				MTL_FAST_MATH = YES;
				ONLY_ACTIVE_ARCH = YES;
				SDKROOT = iphoneos;
				SWIFT_ACTIVE_COMPILATION_CONDITIONS = DEBUG;
				SWIFT_OPTIMIZATION_LEVEL = "-Onone";
			};
			name = Debug;
		};
		49726ADC268394D30025D382 /* Release */ = {
			isa = XCBuildConfiguration;
			buildSettings = {
				ALWAYS_SEARCH_USER_PATHS = NO;
				CLANG_ANALYZER_NONNULL = YES;
				CLANG_ANALYZER_NUMBER_OBJECT_CONVERSION = YES_AGGRESSIVE;
				CLANG_CXX_LANGUAGE_STANDARD = "gnu++14";
				CLANG_CXX_LIBRARY = "libc++";
				CLANG_ENABLE_MODULES = YES;
				CLANG_ENABLE_OBJC_ARC = YES;
				CLANG_ENABLE_OBJC_WEAK = YES;
				CLANG_WARN_BLOCK_CAPTURE_AUTORELEASING = YES;
				CLANG_WARN_BOOL_CONVERSION = YES;
				CLANG_WARN_COMMA = YES;
				CLANG_WARN_CONSTANT_CONVERSION = YES;
				CLANG_WARN_DEPRECATED_OBJC_IMPLEMENTATIONS = YES;
				CLANG_WARN_DIRECT_OBJC_ISA_USAGE = YES_ERROR;
				CLANG_WARN_DOCUMENTATION_COMMENTS = YES;
				CLANG_WARN_EMPTY_BODY = YES;
				CLANG_WARN_ENUM_CONVERSION = YES;
				CLANG_WARN_INFINITE_RECURSION = YES;
				CLANG_WARN_INT_CONVERSION = YES;
				CLANG_WARN_NON_LITERAL_NULL_CONVERSION = YES;
				CLANG_WARN_OBJC_IMPLICIT_RETAIN_SELF = YES;
				CLANG_WARN_OBJC_LITERAL_CONVERSION = YES;
				CLANG_WARN_OBJC_ROOT_CLASS = YES_ERROR;
				CLANG_WARN_QUOTED_INCLUDE_IN_FRAMEWORK_HEADER = YES;
				CLANG_WARN_RANGE_LOOP_ANALYSIS = YES;
				CLANG_WARN_STRICT_PROTOTYPES = YES;
				CLANG_WARN_SUSPICIOUS_MOVE = YES;
				CLANG_WARN_UNGUARDED_AVAILABILITY = YES_AGGRESSIVE;
				CLANG_WARN_UNREACHABLE_CODE = YES;
				CLANG_WARN__DUPLICATE_METHOD_MATCH = YES;
				COPY_PHASE_STRIP = NO;
				DEBUG_INFORMATION_FORMAT = "dwarf-with-dsym";
				ENABLE_NS_ASSERTIONS = NO;
				ENABLE_STRICT_OBJC_MSGSEND = YES;
				GCC_C_LANGUAGE_STANDARD = gnu11;
				GCC_NO_COMMON_BLOCKS = YES;
				GCC_WARN_64_TO_32_BIT_CONVERSION = YES;
				GCC_WARN_ABOUT_RETURN_TYPE = YES_ERROR;
				GCC_WARN_UNDECLARED_SELECTOR = YES;
				GCC_WARN_UNINITIALIZED_AUTOS = YES_AGGRESSIVE;
				GCC_WARN_UNUSED_FUNCTION = YES;
				GCC_WARN_UNUSED_VARIABLE = YES;
				IPHONEOS_DEPLOYMENT_TARGET = 14.5;
				MTL_ENABLE_DEBUG_INFO = NO;
				MTL_FAST_MATH = YES;
				SDKROOT = iphoneos;
				SWIFT_COMPILATION_MODE = wholemodule;
				SWIFT_OPTIMIZATION_LEVEL = "-O";
				VALIDATE_PRODUCT = YES;
			};
			name = Release;
		};
		49726ADE268394D30025D382 /* Debug */ = {
			isa = XCBuildConfiguration;
			baseConfigurationReference = C29D476F7EA12A3D69624A60 /* Pods-Get-up-from-your-chair.debug.xcconfig */;
			buildSettings = {
				ASSETCATALOG_COMPILER_APPICON_NAME = AppIcon;
				ASSETCATALOG_COMPILER_GLOBAL_ACCENT_COLOR_NAME = AccentColor;
				CODE_SIGN_STYLE = Automatic;
				DEVELOPMENT_TEAM = T8V4E75DU8;
				INFOPLIST_FILE = "Get-up-from-your-chair/Resources/Info.plist";
				LD_RUNPATH_SEARCH_PATHS = (
					"$(inherited)",
					"@executable_path/Frameworks",
				);
				PRODUCT_BUNDLE_IDENTIFIER = "emilshafigin.com.Get-up-from-your-chair";
				PRODUCT_NAME = "$(TARGET_NAME)";
				SWIFT_VERSION = 5.0;
				TARGETED_DEVICE_FAMILY = "1,2";
			};
			name = Debug;
		};
		49726ADF268394D30025D382 /* Release */ = {
			isa = XCBuildConfiguration;
			baseConfigurationReference = 3DA1569BA270CA8CABC1ED75 /* Pods-Get-up-from-your-chair.release.xcconfig */;
			buildSettings = {
				ASSETCATALOG_COMPILER_APPICON_NAME = AppIcon;
				ASSETCATALOG_COMPILER_GLOBAL_ACCENT_COLOR_NAME = AccentColor;
				CODE_SIGN_STYLE = Automatic;
				DEVELOPMENT_TEAM = T8V4E75DU8;
				INFOPLIST_FILE = "Get-up-from-your-chair/Resources/Info.plist";
				LD_RUNPATH_SEARCH_PATHS = (
					"$(inherited)",
					"@executable_path/Frameworks",
				);
				PRODUCT_BUNDLE_IDENTIFIER = "emilshafigin.com.Get-up-from-your-chair";
				PRODUCT_NAME = "$(TARGET_NAME)";
				SWIFT_VERSION = 5.0;
				TARGETED_DEVICE_FAMILY = "1,2";
			};
			name = Release;
		};
		49726AE1268394D30025D382 /* Debug */ = {
			isa = XCBuildConfiguration;
			baseConfigurationReference = CAEE05146EEA76A871640BE0 /* Pods-Get-up-from-your-chairTests.debug.xcconfig */;
			buildSettings = {
				ALWAYS_EMBED_SWIFT_STANDARD_LIBRARIES = YES;
				BUNDLE_LOADER = "$(TEST_HOST)";
				CODE_SIGN_STYLE = Automatic;
				DEVELOPMENT_TEAM = T8V4E75DU8;
				INFOPLIST_FILE = "Get-up-from-your-chairTests/Info.plist";
				IPHONEOS_DEPLOYMENT_TARGET = 14.5;
				LD_RUNPATH_SEARCH_PATHS = (
					"$(inherited)",
					"@executable_path/Frameworks",
					"@loader_path/Frameworks",
				);
				PRODUCT_BUNDLE_IDENTIFIER = "emilshafigin.com.Get-up-from-your-chairTests";
				PRODUCT_NAME = "$(TARGET_NAME)";
				SWIFT_VERSION = 5.0;
				TARGETED_DEVICE_FAMILY = "1,2";
				TEST_HOST = "$(BUILT_PRODUCTS_DIR)/Get-up-from-your-chair.app/Get-up-from-your-chair";
			};
			name = Debug;
		};
		49726AE2268394D30025D382 /* Release */ = {
			isa = XCBuildConfiguration;
			baseConfigurationReference = 99D3D70806FFB0E3D648020D /* Pods-Get-up-from-your-chairTests.release.xcconfig */;
			buildSettings = {
				ALWAYS_EMBED_SWIFT_STANDARD_LIBRARIES = YES;
				BUNDLE_LOADER = "$(TEST_HOST)";
				CODE_SIGN_STYLE = Automatic;
				DEVELOPMENT_TEAM = T8V4E75DU8;
				INFOPLIST_FILE = "Get-up-from-your-chairTests/Info.plist";
				IPHONEOS_DEPLOYMENT_TARGET = 14.5;
				LD_RUNPATH_SEARCH_PATHS = (
					"$(inherited)",
					"@executable_path/Frameworks",
					"@loader_path/Frameworks",
				);
				PRODUCT_BUNDLE_IDENTIFIER = "emilshafigin.com.Get-up-from-your-chairTests";
				PRODUCT_NAME = "$(TARGET_NAME)";
				SWIFT_VERSION = 5.0;
				TARGETED_DEVICE_FAMILY = "1,2";
				TEST_HOST = "$(BUILT_PRODUCTS_DIR)/Get-up-from-your-chair.app/Get-up-from-your-chair";
			};
			name = Release;
		};
		49726AE4268394D30025D382 /* Debug */ = {
			isa = XCBuildConfiguration;
			baseConfigurationReference = 8B937E02446DD8D49A19ED89 /* Pods-Get-up-from-your-chair-Get-up-from-your-chairUITests.debug.xcconfig */;
			buildSettings = {
				ALWAYS_EMBED_SWIFT_STANDARD_LIBRARIES = YES;
				CODE_SIGN_STYLE = Automatic;
				DEVELOPMENT_TEAM = T8V4E75DU8;
				INFOPLIST_FILE = "Get-up-from-your-chairUITests/Info.plist";
				LD_RUNPATH_SEARCH_PATHS = (
					"$(inherited)",
					"@executable_path/Frameworks",
					"@loader_path/Frameworks",
				);
				PRODUCT_BUNDLE_IDENTIFIER = "emilshafigin.com.Get-up-from-your-chairUITests";
				PRODUCT_NAME = "$(TARGET_NAME)";
				SWIFT_VERSION = 5.0;
				TARGETED_DEVICE_FAMILY = "1,2";
				TEST_TARGET_NAME = "Get-up-from-your-chair";
			};
			name = Debug;
		};
		49726AE5268394D30025D382 /* Release */ = {
			isa = XCBuildConfiguration;
			baseConfigurationReference = 241EF6E7020155EF55AFE448 /* Pods-Get-up-from-your-chair-Get-up-from-your-chairUITests.release.xcconfig */;
			buildSettings = {
				ALWAYS_EMBED_SWIFT_STANDARD_LIBRARIES = YES;
				CODE_SIGN_STYLE = Automatic;
				DEVELOPMENT_TEAM = T8V4E75DU8;
				INFOPLIST_FILE = "Get-up-from-your-chairUITests/Info.plist";
				LD_RUNPATH_SEARCH_PATHS = (
					"$(inherited)",
					"@executable_path/Frameworks",
					"@loader_path/Frameworks",
				);
				PRODUCT_BUNDLE_IDENTIFIER = "emilshafigin.com.Get-up-from-your-chairUITests";
				PRODUCT_NAME = "$(TARGET_NAME)";
				SWIFT_VERSION = 5.0;
				TARGETED_DEVICE_FAMILY = "1,2";
				TEST_TARGET_NAME = "Get-up-from-your-chair";
			};
			name = Release;
		};
/* End XCBuildConfiguration section */

/* Begin XCConfigurationList section */
		49726AAE268394CF0025D382 /* Build configuration list for PBXProject "Get-up-from-your-chair" */ = {
			isa = XCConfigurationList;
			buildConfigurations = (
				49726ADB268394D30025D382 /* Debug */,
				49726ADC268394D30025D382 /* Release */,
			);
			defaultConfigurationIsVisible = 0;
			defaultConfigurationName = Release;
		};
		49726ADD268394D30025D382 /* Build configuration list for PBXNativeTarget "Get-up-from-your-chair" */ = {
			isa = XCConfigurationList;
			buildConfigurations = (
				49726ADE268394D30025D382 /* Debug */,
				49726ADF268394D30025D382 /* Release */,
			);
			defaultConfigurationIsVisible = 0;
			defaultConfigurationName = Release;
		};
		49726AE0268394D30025D382 /* Build configuration list for PBXNativeTarget "Get-up-from-your-chairTests" */ = {
			isa = XCConfigurationList;
			buildConfigurations = (
				49726AE1268394D30025D382 /* Debug */,
				49726AE2268394D30025D382 /* Release */,
			);
			defaultConfigurationIsVisible = 0;
			defaultConfigurationName = Release;
		};
		49726AE3268394D30025D382 /* Build configuration list for PBXNativeTarget "Get-up-from-your-chairUITests" */ = {
			isa = XCConfigurationList;
			buildConfigurations = (
				49726AE4268394D30025D382 /* Debug */,
				49726AE5268394D30025D382 /* Release */,
			);
			defaultConfigurationIsVisible = 0;
			defaultConfigurationName = Release;
		};
/* End XCConfigurationList section */
	};
	rootObject = 49726AAB268394CF0025D382 /* Project object */;
}
